
Microsoft Visual Studio Solution File, Format Version 12.00
# Visual Studio 2015
Project("{FAE04EC0-301F-11D3-BF4B-00C04F79EFBC}") = "RoombaWorld_STU.CSharp", "RoombaWorld_STU.CSharp.csproj", "{D07A8E7E-6988-D0D5-F868-7561D3A12F33}"
EndProject
Project("{FAE04EC0-301F-11D3-BF4B-00C04F79EFBC}") = "RoombaWorld_STU.CSharp.Editor", "RoombaWorld_STU.CSharp.Editor.csproj", "{C2EBC318-BE84-03F2-A3B5-6ED2946E48DF}"
EndProject
Global
	GlobalSection(SolutionConfigurationPlatforms) = preSolution
		Debug|Any CPU = Debug|Any CPU
		Release|Any CPU = Release|Any CPU
	EndGlobalSection
	GlobalSection(ProjectConfigurationPlatforms) = postSolution
		{D07A8E7E-6988-D0D5-F868-7561D3A12F33}.Debug|Any CPU.ActiveCfg = Debug|Any CPU
		{D07A8E7E-6988-D0D5-F868-7561D3A12F33}.Debug|Any CPU.Build.0 = Debug|Any CPU
		{D07A8E7E-6988-D0D5-F868-7561D3A12F33}.Release|Any CPU.ActiveCfg = Release|Any CPU
		{D07A8E7E-6988-D0D5-F868-7561D3A12F33}.Release|Any CPU.Build.0 = Release|Any CPU
		{C2EBC318-BE84-03F2-A3B5-6ED2946E48DF}.Debug|Any CPU.ActiveCfg = Debug|Any CPU
		{C2EBC318-BE84-03F2-A3B5-6ED2946E48DF}.Debug|Any CPU.Build.0 = Debug|Any CPU
		{C2EBC318-BE84-03F2-A3B5-6ED2946E48DF}.Release|Any CPU.ActiveCfg = Release|Any CPU
		{C2EBC318-BE84-03F2-A3B5-6ED2946E48DF}.Release|Any CPU.Build.0 = Release|Any CPU
	EndGlobalSection
	GlobalSection(SolutionProperties) = preSolution
		HideSolutionNode = FALSE
	EndGlobalSection
EndGlobal
